// !$*UTF8*$!
{
	archiveVersion = 1;
	classes = {
	};
	objectVersion = 55;
	objects = {

/* Begin PBXBuildFile section */
		B2977D3F288C587E00FBB35A /* FructusApp.swift in Sources */ = {isa = PBXBuildFile; fileRef = B2977D3E288C587E00FBB35A /* FructusApp.swift */; };
		B2977D41288C587E00FBB35A /* ContentView.swift in Sources */ = {isa = PBXBuildFile; fileRef = B2977D40288C587E00FBB35A /* ContentView.swift */; };
		B2977D43288C587F00FBB35A /* Assets.xcassets in Resources */ = {isa = PBXBuildFile; fileRef = B2977D42288C587F00FBB35A /* Assets.xcassets */; };
		B2977D46288C587F00FBB35A /* Preview Assets.xcassets in Resources */ = {isa = PBXBuildFile; fileRef = B2977D45288C587F00FBB35A /* Preview Assets.xcassets */; };
		B2BD07992892DE37008C71D7 /* SettingsLabelView.swift in Sources */ = {isa = PBXBuildFile; fileRef = B2BD07982892DE37008C71D7 /* SettingsLabelView.swift */; };
		B2BF694E288CCC1500955960 /* StartButtonView.swift in Sources */ = {isa = PBXBuildFile; fileRef = B2BF694D288CCC1500955960 /* StartButtonView.swift */; };
		B2BF6950288CCF1700955960 /* OnboardingView.swift in Sources */ = {isa = PBXBuildFile; fileRef = B2BF694F288CCF1700955960 /* OnboardingView.swift */; };
		B2C2036028935BA000423A83 /* SettingsRowView.swift in Sources */ = {isa = PBXBuildFile; fileRef = B2C2035F28935BA000423A83 /* SettingsRowView.swift */; };
		B2C6E514288E100A0052C00A /* FruitRowView.swift in Sources */ = {isa = PBXBuildFile; fileRef = B2C6E513288E100A0052C00A /* FruitRowView.swift */; };
		B2C77F0E2892BD1000B2940B /* SettingsView.swift in Sources */ = {isa = PBXBuildFile; fileRef = B2C77F0D2892BD1000B2940B /* SettingsView.swift */; };
		B2C92DBD288D699000048A2A /* FruitModel.swift in Sources */ = {isa = PBXBuildFile; fileRef = B2C92DBC288D699000048A2A /* FruitModel.swift */; };
		B2C92DC0288D6DA400048A2A /* FruitData.swift in Sources */ = {isa = PBXBuildFile; fileRef = B2C92DBF288D6DA400048A2A /* FruitData.swift */; };
		B2CE8B05289167AF006EC10B /* FruitNutrientsView.swift in Sources */ = {isa = PBXBuildFile; fileRef = B2CE8B04289167AF006EC10B /* FruitNutrientsView.swift */; };
		B2CFC10C288CB04700C1C370 /* FruitCardView.swift in Sources */ = {isa = PBXBuildFile; fileRef = B2CFC10B288CB04700C1C370 /* FruitCardView.swift */; };
		B2E5045B28901CE3003D6131 /* SourceLinkView.swift in Sources */ = {isa = PBXBuildFile; fileRef = B2E5045A28901CE3003D6131 /* SourceLinkView.swift */; };
		B2F954112890142B001F7D90 /* FruitDetailView.swift in Sources */ = {isa = PBXBuildFile; fileRef = B2F954102890142B001F7D90 /* FruitDetailView.swift */; };
		B2F95413289018DC001F7D90 /* FruitHeaderView.swift in Sources */ = {isa = PBXBuildFile; fileRef = B2F95412289018DC001F7D90 /* FruitHeaderView.swift */; };
/* End PBXBuildFile section */

/* Begin PBXFileReference section */
		B2977D3B288C587E00FBB35A /* Fructus.app */ = {isa = PBXFileReference; explicitFileType = wrapper.application; includeInIndex = 0; path = Fructus.app; sourceTree = BUILT_PRODUCTS_DIR; };
		B2977D3E288C587E00FBB35A /* FructusApp.swift */ = {isa = PBXFileReference; lastKnownFileType = sourcecode.swift; path = FructusApp.swift; sourceTree = "<group>"; };
		B2977D40288C587E00FBB35A /* ContentView.swift */ = {isa = PBXFileReference; lastKnownFileType = sourcecode.swift; path = ContentView.swift; sourceTree = "<group>"; };
		B2977D42288C587F00FBB35A /* Assets.xcassets */ = {isa = PBXFileReference; lastKnownFileType = folder.assetcatalog; path = Assets.xcassets; sourceTree = "<group>"; };
		B2977D45288C587F00FBB35A /* Preview Assets.xcassets */ = {isa = PBXFileReference; lastKnownFileType = folder.assetcatalog; path = "Preview Assets.xcassets"; sourceTree = "<group>"; };
		B2BD07982892DE37008C71D7 /* SettingsLabelView.swift */ = {isa = PBXFileReference; lastKnownFileType = sourcecode.swift; path = SettingsLabelView.swift; sourceTree = "<group>"; };
		B2BF694D288CCC1500955960 /* StartButtonView.swift */ = {isa = PBXFileReference; lastKnownFileType = sourcecode.swift; path = StartButtonView.swift; sourceTree = "<group>"; };
		B2BF694F288CCF1700955960 /* OnboardingView.swift */ = {isa = PBXFileReference; lastKnownFileType = sourcecode.swift; path = OnboardingView.swift; sourceTree = "<group>"; };
		B2C2035F28935BA000423A83 /* SettingsRowView.swift */ = {isa = PBXFileReference; lastKnownFileType = sourcecode.swift; name = SettingsRowView.swift; path = Fructus/App/SettingsRowView.swift; sourceTree = SOURCE_ROOT; };
		B2C6E513288E100A0052C00A /* FruitRowView.swift */ = {isa = PBXFileReference; lastKnownFileType = sourcecode.swift; path = FruitRowView.swift; sourceTree = "<group>"; };
		B2C77F0D2892BD1000B2940B /* SettingsView.swift */ = {isa = PBXFileReference; lastKnownFileType = sourcecode.swift; path = SettingsView.swift; sourceTree = "<group>"; };
		B2C92DBC288D699000048A2A /* FruitModel.swift */ = {isa = PBXFileReference; lastKnownFileType = sourcecode.swift; path = FruitModel.swift; sourceTree = "<group>"; };
		B2C92DBF288D6DA400048A2A /* FruitData.swift */ = {isa = PBXFileReference; lastKnownFileType = sourcecode.swift; path = FruitData.swift; sourceTree = "<group>"; };
		B2CE8B04289167AF006EC10B /* FruitNutrientsView.swift */ = {isa = PBXFileReference; lastKnownFileType = sourcecode.swift; path = FruitNutrientsView.swift; sourceTree = "<group>"; };
		B2CFC10B288CB04700C1C370 /* FruitCardView.swift */ = {isa = PBXFileReference; lastKnownFileType = sourcecode.swift; path = FruitCardView.swift; sourceTree = "<group>"; };
		B2E5045A28901CE3003D6131 /* SourceLinkView.swift */ = {isa = PBXFileReference; lastKnownFileType = sourcecode.swift; path = SourceLinkView.swift; sourceTree = "<group>"; };
		B2F954102890142B001F7D90 /* FruitDetailView.swift */ = {isa = PBXFileReference; lastKnownFileType = sourcecode.swift; path = FruitDetailView.swift; sourceTree = "<group>"; };
		B2F95412289018DC001F7D90 /* FruitHeaderView.swift */ = {isa = PBXFileReference; lastKnownFileType = sourcecode.swift; path = FruitHeaderView.swift; sourceTree = "<group>"; };
/* End PBXFileReference section */

/* Begin PBXFrameworksBuildPhase section */
		B2977D38288C587E00FBB35A /* Frameworks */ = {
			isa = PBXFrameworksBuildPhase;
			buildActionMask = 2147483647;
			files = (
			);
			runOnlyForDeploymentPostprocessing = 0;
		};
/* End PBXFrameworksBuildPhase section */

/* Begin PBXGroup section */
		B2977D32288C587E00FBB35A = {
			isa = PBXGroup;
			children = (
				B2977D3D288C587E00FBB35A /* Fructus */,
				B2977D3C288C587E00FBB35A /* Products */,
			);
			sourceTree = "<group>";
		};
		B2977D3C288C587E00FBB35A /* Products */ = {
			isa = PBXGroup;
			children = (
				B2977D3B288C587E00FBB35A /* Fructus.app */,
			);
			name = Products;
			sourceTree = "<group>";
		};
		B2977D3D288C587E00FBB35A /* Fructus */ = {
			isa = PBXGroup;
			children = (
				B2CFC109288CAFE000C1C370 /* App */,
				B2CFC10A288CB01B00C1C370 /* View */,
				B2C92DBE288D6D8D00048A2A /* Data */,
				B2C92DBB288D695100048A2A /* Model */,
				B2977D42288C587F00FBB35A /* Assets.xcassets */,
				B2977D44288C587F00FBB35A /* Preview Content */,
			);
			path = Fructus;
			sourceTree = "<group>";
		};
		B2977D44288C587F00FBB35A /* Preview Content */ = {
			isa = PBXGroup;
			children = (
				B2977D45288C587F00FBB35A /* Preview Assets.xcassets */,
			);
			path = "Preview Content";
			sourceTree = "<group>";
		};
		B2C92DBB288D695100048A2A /* Model */ = {
			isa = PBXGroup;
			children = (
				B2C92DBC288D699000048A2A /* FruitModel.swift */,
			);
			path = Model;
			sourceTree = "<group>";
		};
		B2C92DBE288D6D8D00048A2A /* Data */ = {
			isa = PBXGroup;
			children = (
				B2C92DBF288D6DA400048A2A /* FruitData.swift */,
			);
			path = Data;
			sourceTree = "<group>";
		};
		B2CFC109288CAFE000C1C370 /* App */ = {
			isa = PBXGroup;
			children = (
				B2977D3E288C587E00FBB35A /* FructusApp.swift */,
				B2977D40288C587E00FBB35A /* ContentView.swift */,
				B2BF694F288CCF1700955960 /* OnboardingView.swift */,
				B2F954102890142B001F7D90 /* FruitDetailView.swift */,
				B2C77F0D2892BD1000B2940B /* SettingsView.swift */,
			);
			path = App;
			sourceTree = "<group>";
		};
		B2CFC10A288CB01B00C1C370 /* View */ = {
			isa = PBXGroup;
			children = (
				B2C2035F28935BA000423A83 /* SettingsRowView.swift */,
				B2CFC10B288CB04700C1C370 /* FruitCardView.swift */,
				B2BF694D288CCC1500955960 /* StartButtonView.swift */,
				B2C6E513288E100A0052C00A /* FruitRowView.swift */,
				B2F95412289018DC001F7D90 /* FruitHeaderView.swift */,
				B2E5045A28901CE3003D6131 /* SourceLinkView.swift */,
				B2CE8B04289167AF006EC10B /* FruitNutrientsView.swift */,
				B2BD07982892DE37008C71D7 /* SettingsLabelView.swift */,
			);
			path = View;
			sourceTree = "<group>";
		};
/* End PBXGroup section */

/* Begin PBXNativeTarget section */
		B2977D3A288C587E00FBB35A /* Fructus */ = {
			isa = PBXNativeTarget;
			buildConfigurationList = B2977D49288C587F00FBB35A /* Build configuration list for PBXNativeTarget "Fructus" */;
			buildPhases = (
				B2977D37288C587E00FBB35A /* Sources */,
				B2977D38288C587E00FBB35A /* Frameworks */,
				B2977D39288C587E00FBB35A /* Resources */,
			);
			buildRules = (
			);
			dependencies = (
			);
			name = Fructus;
			productName = Fructus;
			productReference = B2977D3B288C587E00FBB35A /* Fructus.app */;
			productType = "com.apple.product-type.application";
		};
/* End PBXNativeTarget section */

/* Begin PBXProject section */
		B2977D33288C587E00FBB35A /* Project object */ = {
			isa = PBXProject;
			attributes = {
				BuildIndependentTargetsInParallel = 1;
				LastSwiftUpdateCheck = 1340;
				LastUpgradeCheck = 1340;
				TargetAttributes = {
					B2977D3A288C587E00FBB35A = {
						CreatedOnToolsVersion = 13.4.1;
					};
				};
			};
			buildConfigurationList = B2977D36288C587E00FBB35A /* Build configuration list for PBXProject "Fructus" */;
			compatibilityVersion = "Xcode 13.0";
			developmentRegion = en;
			hasScannedForEncodings = 0;
			knownRegions = (
				en,
				Base,
			);
			mainGroup = B2977D32288C587E00FBB35A;
			productRefGroup = B2977D3C288C587E00FBB35A /* Products */;
			projectDirPath = "";
			projectRoot = "";
			targets = (
				B2977D3A288C587E00FBB35A /* Fructus */,
			);
		};
/* End PBXProject section */

/* Begin PBXResourcesBuildPhase section */
		B2977D39288C587E00FBB35A /* Resources */ = {
			isa = PBXResourcesBuildPhase;
			buildActionMask = 2147483647;
			files = (
				B2977D46288C587F00FBB35A /* Preview Assets.xcassets in Resources */,
				B2977D43288C587F00FBB35A /* Assets.xcassets in Resources */,
			);
			runOnlyForDeploymentPostprocessing = 0;
		};
/* End PBXResourcesBuildPhase section */

/* Begin PBXSourcesBuildPhase section */
		B2977D37288C587E00FBB35A /* Sources */ = {
			isa = PBXSourcesBuildPhase;
			buildActionMask = 2147483647;
			files = (
				B2C92DC0288D6DA400048A2A /* FruitData.swift in Sources */,
				B2E5045B28901CE3003D6131 /* SourceLinkView.swift in Sources */,
				B2C2036028935BA000423A83 /* SettingsRowView.swift in Sources */,
				B2CFC10C288CB04700C1C370 /* FruitCardView.swift in Sources */,
				B2C6E514288E100A0052C00A /* FruitRowView.swift in Sources */,
				B2CE8B05289167AF006EC10B /* FruitNutrientsView.swift in Sources */,
				B2BF694E288CCC1500955960 /* StartButtonView.swift in Sources */,
				B2F954112890142B001F7D90 /* FruitDetailView.swift in Sources */,
				B2977D41288C587E00FBB35A /* ContentView.swift in Sources */,
				B2F95413289018DC001F7D90 /* FruitHeaderView.swift in Sources */,
				B2BF6950288CCF1700955960 /* OnboardingView.swift in Sources */,
				B2BD07992892DE37008C71D7 /* SettingsLabelView.swift in Sources */,
				B2C92DBD288D699000048A2A /* FruitModel.swift in Sources */,
				B2977D3F288C587E00FBB35A /* FructusApp.swift in Sources */,
				B2C77F0E2892BD1000B2940B /* SettingsView.swift in Sources */,
			);
			runOnlyForDeploymentPostprocessing = 0;
		};
/* End PBXSourcesBuildPhase section */

/* Begin XCBuildConfiguration section */
		B2977D47288C587F00FBB35A /* Debug */ = {
			isa = XCBuildConfiguration;
			buildSettings = {
				ALWAYS_SEARCH_USER_PATHS = NO;
				CLANG_ANALYZER_NONNULL = YES;
				CLANG_ANALYZER_NUMBER_OBJECT_CONVERSION = YES_AGGRESSIVE;
				CLANG_CXX_LANGUAGE_STANDARD = "gnu++17";
				CLANG_ENABLE_MODULES = YES;
				CLANG_ENABLE_OBJC_ARC = YES;
				CLANG_ENABLE_OBJC_WEAK = YES;
				CLANG_WARN_BLOCK_CAPTURE_AUTORELEASING = YES;
				CLANG_WARN_BOOL_CONVERSION = YES;
				CLANG_WARN_COMMA = YES;
				CLANG_WARN_CONSTANT_CONVERSION = YES;
				CLANG_WARN_DEPRECATED_OBJC_IMPLEMENTATIONS = YES;
				CLANG_WARN_DIRECT_OBJC_ISA_USAGE = YES_ERROR;
				CLANG_WARN_DOCUMENTATION_COMMENTS = YES;
				CLANG_WARN_EMPTY_BODY = YES;
				CLANG_WARN_ENUM_CONVERSION = YES;
				CLANG_WARN_INFINITE_RECURSION = YES;
				CLANG_WARN_INT_CONVERSION = YES;
				CLANG_WARN_NON_LITERAL_NULL_CONVERSION = YES;
				CLANG_WARN_OBJC_IMPLICIT_RETAIN_SELF = YES;
				CLANG_WARN_OBJC_LITERAL_CONVERSION = YES;
				CLANG_WARN_OBJC_ROOT_CLASS = YES_ERROR;
				CLANG_WARN_QUOTED_INCLUDE_IN_FRAMEWORK_HEADER = YES;
				CLANG_WARN_RANGE_LOOP_ANALYSIS = YES;
				CLANG_WARN_STRICT_PROTOTYPES = YES;
				CLANG_WARN_SUSPICIOUS_MOVE = YES;
				CLANG_WARN_UNGUARDED_AVAILABILITY = YES_AGGRESSIVE;
				CLANG_WARN_UNREACHABLE_CODE = YES;
				CLANG_WARN__DUPLICATE_METHOD_MATCH = YES;
				COPY_PHASE_STRIP = NO;
				DEBUG_INFORMATION_FORMAT = dwarf;
				ENABLE_STRICT_OBJC_MSGSEND = YES;
				ENABLE_TESTABILITY = YES;
				GCC_C_LANGUAGE_STANDARD = gnu11;
				GCC_DYNAMIC_NO_PIC = NO;
				GCC_NO_COMMON_BLOCKS = YES;
				GCC_OPTIMIZATION_LEVEL = 0;
				GCC_PREPROCESSOR_DEFINITIONS = (
					"DEBUG=1",
					"$(inherited)",
				);
				GCC_WARN_64_TO_32_BIT_CONVERSION = YES;
				GCC_WARN_ABOUT_RETURN_TYPE = YES_ERROR;
				GCC_WARN_UNDECLARED_SELECTOR = YES;
				GCC_WARN_UNINITIALIZED_AUTOS = YES_AGGRESSIVE;
				GCC_WARN_UNUSED_FUNCTION = YES;
				GCC_WARN_UNUSED_VARIABLE = YES;
				IPHONEOS_DEPLOYMENT_TARGET = 15.5;
				MTL_ENABLE_DEBUG_INFO = INCLUDE_SOURCE;
				MTL_FAST_MATH = YES;
				ONLY_ACTIVE_ARCH = YES;
				SDKROOT = iphoneos;
				SWIFT_ACTIVE_COMPILATION_CONDITIONS = DEBUG;
				SWIFT_OPTIMIZATION_LEVEL = "-Onone";
			};
			name = Debug;
		};
		B2977D48288C587F00FBB35A /* Release */ = {
			isa = XCBuildConfiguration;
			buildSettings = {
				ALWAYS_SEARCH_USER_PATHS = NO;
				CLANG_ANALYZER_NONNULL = YES;
				CLANG_ANALYZER_NUMBER_OBJECT_CONVERSION = YES_AGGRESSIVE;
				CLANG_CXX_LANGUAGE_STANDARD = "gnu++17";
				CLANG_ENABLE_MODULES = YES;
				CLANG_ENABLE_OBJC_ARC = YES;
				CLANG_ENABLE_OBJC_WEAK = YES;
				CLANG_WARN_BLOCK_CAPTURE_AUTORELEASING = YES;
				CLANG_WARN_BOOL_CONVERSION = YES;
				CLANG_WARN_COMMA = YES;
				CLANG_WARN_CONSTANT_CONVERSION = YES;
				CLANG_WARN_DEPRECATED_OBJC_IMPLEMENTATIONS = YES;
				CLANG_WARN_DIRECT_OBJC_ISA_USAGE = YES_ERROR;
				CLANG_WARN_DOCUMENTATION_COMMENTS = YES;
				CLANG_WARN_EMPTY_BODY = YES;
				CLANG_WARN_ENUM_CONVERSION = YES;
				CLANG_WARN_INFINITE_RECURSION = YES;
				CLANG_WARN_INT_CONVERSION = YES;
				CLANG_WARN_NON_LITERAL_NULL_CONVERSION = YES;
				CLANG_WARN_OBJC_IMPLICIT_RETAIN_SELF = YES;
				CLANG_WARN_OBJC_LITERAL_CONVERSION = YES;
				CLANG_WARN_OBJC_ROOT_CLASS = YES_ERROR;
				CLANG_WARN_QUOTED_INCLUDE_IN_FRAMEWORK_HEADER = YES;
				CLANG_WARN_RANGE_LOOP_ANALYSIS = YES;
				CLANG_WARN_STRICT_PROTOTYPES = YES;
				CLANG_WARN_SUSPICIOUS_MOVE = YES;
				CLANG_WARN_UNGUARDED_AVAILABILITY = YES_AGGRESSIVE;
				CLANG_WARN_UNREACHABLE_CODE = YES;
				CLANG_WARN__DUPLICATE_METHOD_MATCH = YES;
				COPY_PHASE_STRIP = NO;
				DEBUG_INFORMATION_FORMAT = "dwarf-with-dsym";
				ENABLE_NS_ASSERTIONS = NO;
				ENABLE_STRICT_OBJC_MSGSEND = YES;
				GCC_C_LANGUAGE_STANDARD = gnu11;
				GCC_NO_COMMON_BLOCKS = YES;
				GCC_WARN_64_TO_32_BIT_CONVERSION = YES;
				GCC_WARN_ABOUT_RETURN_TYPE = YES_ERROR;
				GCC_WARN_UNDECLARED_SELECTOR = YES;
				GCC_WARN_UNINITIALIZED_AUTOS = YES_AGGRESSIVE;
				GCC_WARN_UNUSED_FUNCTION = YES;
				GCC_WARN_UNUSED_VARIABLE = YES;
				IPHONEOS_DEPLOYMENT_TARGET = 15.5;
				MTL_ENABLE_DEBUG_INFO = NO;
				MTL_FAST_MATH = YES;
				SDKROOT = iphoneos;
				SWIFT_COMPILATION_MODE = wholemodule;
				SWIFT_OPTIMIZATION_LEVEL = "-O";
				VALIDATE_PRODUCT = YES;
			};
			name = Release;
		};
		B2977D4A288C587F00FBB35A /* Debug */ = {
			isa = XCBuildConfiguration;
			buildSettings = {
				ASSETCATALOG_COMPILER_APPICON_NAME = AppIcon;
				ASSETCATALOG_COMPILER_GLOBAL_ACCENT_COLOR_NAME = AccentColor;
				CODE_SIGN_STYLE = Automatic;
				CURRENT_PROJECT_VERSION = 1;
				DEVELOPMENT_ASSET_PATHS = "\"Fructus/Preview Content\"";
				DEVELOPMENT_TEAM = 7R3HZ53HFV;
				ENABLE_PREVIEWS = YES;
				GENERATE_INFOPLIST_FILE = YES;
				INFOPLIST_KEY_UIApplicationSceneManifest_Generation = YES;
				INFOPLIST_KEY_UIApplicationSupportsIndirectInputEvents = YES;
				INFOPLIST_KEY_UILaunchScreen_Generation = YES;
				INFOPLIST_KEY_UISupportedInterfaceOrientations = UIInterfaceOrientationPortrait;
				INFOPLIST_KEY_UISupportedInterfaceOrientations_iPad = "UIInterfaceOrientationPortrait UIInterfaceOrientationPortraitUpsideDown UIInterfaceOrientationLandscapeLeft UIInterfaceOrientationLandscapeRight";
				INFOPLIST_KEY_UISupportedInterfaceOrientations_iPhone = "UIInterfaceOrientationPortrait UIInterfaceOrientationLandscapeLeft UIInterfaceOrientationLandscapeRight";
				LD_RUNPATH_SEARCH_PATHS = (
					"$(inherited)",
					"@executable_path/Frameworks",
				);
				MARKETING_VERSION = 1.0;
				PRODUCT_BUNDLE_IDENTIFIER = com.camilo.Fructus;
				PRODUCT_NAME = "$(TARGET_NAME)";
				SWIFT_EMIT_LOC_STRINGS = YES;
				SWIFT_VERSION = 5.0;
				TARGETED_DEVICE_FAMILY = "1,2";
			};
			name = Debug;
		};
		B2977D4B288C587F00FBB35A /* Release */ = {
			isa = XCBuildConfiguration;
			buildSettings = {
				ASSETCATALOG_COMPILER_APPICON_NAME = AppIcon;
				ASSETCATALOG_COMPILER_GLOBAL_ACCENT_COLOR_NAME = AccentColor;
				CODE_SIGN_STYLE = Automatic;
				CURRENT_PROJECT_VERSION = 1;
				DEVELOPMENT_ASSET_PATHS = "\"Fructus/Preview Content\"";
				DEVELOPMENT_TEAM = 7R3HZ53HFV;
				ENABLE_PREVIEWS = YES;
				GENERATE_INFOPLIST_FILE = YES;
				INFOPLIST_KEY_UIApplicationSceneManifest_Generation = YES;
				INFOPLIST_KEY_UIApplicationSupportsIndirectInputEvents = YES;
				INFOPLIST_KEY_UILaunchScreen_Generation = YES;
				INFOPLIST_KEY_UISupportedInterfaceOrientations = UIInterfaceOrientationPortrait;
				INFOPLIST_KEY_UISupportedInterfaceOrientations_iPad = "UIInterfaceOrientationPortrait UIInterfaceOrientationPortraitUpsideDown UIInterfaceOrientationLandscapeLeft UIInterfaceOrientationLandscapeRight";
				INFOPLIST_KEY_UISupportedInterfaceOrientations_iPhone = "UIInterfaceOrientationPortrait UIInterfaceOrientationLandscapeLeft UIInterfaceOrientationLandscapeRight";
				LD_RUNPATH_SEARCH_PATHS = (
					"$(inherited)",
					"@executable_path/Frameworks",
				);
				MARKETING_VERSION = 1.0;
				PRODUCT_BUNDLE_IDENTIFIER = com.camilo.Fructus;
				PRODUCT_NAME = "$(TARGET_NAME)";
				SWIFT_EMIT_LOC_STRINGS = YES;
				SWIFT_VERSION = 5.0;
				TARGETED_DEVICE_FAMILY = "1,2";
			};
			name = Release;
		};
/* End XCBuildConfiguration section */

/* Begin XCConfigurationList section */
		B2977D36288C587E00FBB35A /* Build configuration list for PBXProject "Fructus" */ = {
			isa = XCConfigurationList;
			buildConfigurations = (
				B2977D47288C587F00FBB35A /* Debug */,
				B2977D48288C587F00FBB35A /* Release */,
			);
			defaultConfigurationIsVisible = 0;
			defaultConfigurationName = Release;
		};
		B2977D49288C587F00FBB35A /* Build configuration list for PBXNativeTarget "Fructus" */ = {
			isa = XCConfigurationList;
			buildConfigurations = (
				B2977D4A288C587F00FBB35A /* Debug */,
				B2977D4B288C587F00FBB35A /* Release */,
			);
			defaultConfigurationIsVisible = 0;
			defaultConfigurationName = Release;
		};
/* End XCConfigurationList section */
	};
	rootObject = B2977D33288C587E00FBB35A /* Project object */;
}
